
Microsoft Visual Studio Solution File, Format Version 12.00
# Visual Studio Version 17
VisualStudioVersion = 17.14.36203.30 d17.14
MinimumVisualStudioVersion = 10.0.40219.1
Project("{FAE04EC0-301F-11D3-BF4B-00C04F79EFBC}") = "Week05ImdbList", "Week05ImdbList\Week05ImdbList.csproj", "{5925E73D-6A17-48AF-A723-D14AA60F8733}"
EndProject
Global
	GlobalSection(SolutionConfigurationPlatforms) = preSolution
		Debug|Any CPU = Debug|Any CPU
		Release|Any CPU = Release|Any CPU
	EndGlobalSection
	GlobalSection(ProjectConfigurationPlatforms) = postSolution
		{5925E73D-6A17-48AF-A723-D14AA60F8733}.Debug|Any CPU.ActiveCfg = Debug|Any CPU
		{5925E73D-6A17-48AF-A723-D14AA60F8733}.Debug|Any CPU.Build.0 = Debug|Any CPU
		{5925E73D-6A17-48AF-A723-D14AA60F8733}.Release|Any CPU.ActiveCfg = Release|Any CPU
		{5925E73D-6A17-48AF-A723-D14AA60F8733}.Release|Any CPU.Build.0 = Release|Any CPU
	EndGlobalSection
	GlobalSection(SolutionProperties) = preSolution
		HideSolutionNode = FALSE
	EndGlobalSection
	GlobalSection(ExtensibilityGlobals) = postSolution
		SolutionGuid = {B10FE922-78C8-444F-B934-2CC239B57017}
	EndGlobalSection
EndGlobal
